PODS:
  - AFNetworking (3.2.1):
    - AFNetworking/NSURLSession (= 3.2.1)
    - AFNetworking/Reachability (= 3.2.1)
    - AFNetworking/Security (= 3.2.1)
    - AFNetworking/Serialization (= 3.2.1)
    - AFNetworking/UIKit (= 3.2.1)
  - AFNetworking/NSURLSession (3.2.1):
    - AFNetworking/Reachability
    - AFNetworking/Security
    - AFNetworking/Serialization
  - AFNetworking/Reachability (3.2.1)
  - AFNetworking/Security (3.2.1)
  - AFNetworking/Serialization (3.2.1)
  - AFNetworking/UIKit (3.2.1):
    - AFNetworking/NSURLSession
  - BaiduMapKit (4.4.0)
  - BMKLocationKit (1.7.0)
  - FLAnimatedImage (1.0.12)
  - IQKeyboardManager (6.4.0)
  - JCore (2.1.0)
  - JPush (3.2.1):
    - JCore (< 3.0.0, >= 2.0.0)
  - Masonry (1.1.0)
  - MJRefresh (3.2.0)
  - SDWebImage (5.0.6):
    - SDWebImage/Core (= 5.0.6)
  - SDWebImage/Core (5.0.6)

DEPENDENCIES:
  - AFNetworking
  - BaiduMapKit
  - BMKLocationKit
  - FLAnimatedImage
  - IQKeyboardManager
  - JPush
  - Masonry
  - MJRefresh
  - SDWebImage

SPEC REPOS:
  https://github.com/cocoapods/specs.git:
    - AFNetworking
    - BaiduMapKit
    - BMKLocationKit
    - FLAnimatedImage
    - IQKeyboardManager
    - JCore
    - JPush
    - Masonry
    - MJRefresh
    - SDWebImage

SPEC CHECKSUMS:
  AFNetworking: b6f891fdfaed196b46c7a83cf209e09697b94057
  BaiduMapKit: 19a568e238d6d5a91b93daf7819b868d39cb2206
  BMKLocationKit: cbe7a93bc288465e12961e65aa3f11a8f9da3bb1
  FLAnimatedImage: 4a0b56255d9b05f18b6dd7ee06871be5d3b89e31
  IQKeyboardManager: fcef267266379c003181fc3592f6bdb8bf4db839
  JCore: cc373c9c9d82dcf2b0263d157abd99251ef76902
  JPush: a1ff8b8ec53fa3419b414946e4db4efa313baeae
  Masonry: 678fab65091a9290e40e2832a55e7ab731aad201
  MJRefresh: ed450d6eb9d3346a2cb033ab7eb6de090aeef437
  SDWebImage: 920f1a2ff1ca8296ad34f6e0510a1ef1d70ac965

PODFILE CHECKSUM: f9b4e8f16aaa302f21b2a2ac93611c0b40272663

COCOAPODS: 1.7.2
